
Microsoft Visual Studio Solution File, Format Version 12.00
# Visual Studio 14
VisualStudioVersion = 14.0.25420.1
MinimumVisualStudioVersion = 10.0.40219.1
Project("{FAE04EC0-301F-11D3-BF4B-00C04F79EFBC}") = "BizTalk.PipelineComponents.Excel", "BizTalk.PipelineComponents.Excel.csproj", "{B46B052C-C482-4434-9A6E-D49654852339}"
EndProject
Project("{FAE04EC0-301F-11D3-BF4B-00C04F79EFBC}") = "BizTalk.PipelineComponents.Excel.Pipelines", "..\BizTalk.PipelineComponents.Excel.Tests\BizTalk.PipelineComponents.Excel.Pipelines.btproj", "{BE6136DB-1986-4C64-B148-7934E4993C88}"
EndProject
Project("{FAE04EC0-301F-11D3-BF4B-00C04F79EFBC}") = "BizTalk.PipelineComponents.Excel.Schemas", "..\BizTalk.PipelineComponents.Excel.Schemas\BizTalk.PipelineComponents.Excel.Schemas.btproj", "{FEEA61ED-508C-40A4-B19C-5F2547C0888A}"
EndProject
Project("{FAE04EC0-301F-11D3-BF4B-00C04F79EFBC}") = "BizTalk.PipelineComponents.Excel.Maps", "..\BizTalk.PipelineComponents.Excel.Maps\BizTalk.PipelineComponents.Excel.Maps.btproj", "{DA9D64D6-1F6E-4834-AE63-0660BB242FD7}"
EndProject
Global
	GlobalSection(SolutionConfigurationPlatforms) = preSolution
		Debug|Any CPU = Debug|Any CPU
		Release|Any CPU = Release|Any CPU
	EndGlobalSection
	GlobalSection(ProjectConfigurationPlatforms) = postSolution
		{B46B052C-C482-4434-9A6E-D49654852339}.Debug|Any CPU.ActiveCfg = Debug|Any CPU
		{B46B052C-C482-4434-9A6E-D49654852339}.Debug|Any CPU.Build.0 = Debug|Any CPU
		{B46B052C-C482-4434-9A6E-D49654852339}.Release|Any CPU.ActiveCfg = Release|Any CPU
		{B46B052C-C482-4434-9A6E-D49654852339}.Release|Any CPU.Build.0 = Release|Any CPU
		{BE6136DB-1986-4C64-B148-7934E4993C88}.Debug|Any CPU.ActiveCfg = Debug|Any CPU
		{BE6136DB-1986-4C64-B148-7934E4993C88}.Debug|Any CPU.Build.0 = Debug|Any CPU
		{BE6136DB-1986-4C64-B148-7934E4993C88}.Debug|Any CPU.Deploy.0 = Debug|Any CPU
		{BE6136DB-1986-4C64-B148-7934E4993C88}.Release|Any CPU.ActiveCfg = Release|Any CPU
		{BE6136DB-1986-4C64-B148-7934E4993C88}.Release|Any CPU.Build.0 = Release|Any CPU
		{BE6136DB-1986-4C64-B148-7934E4993C88}.Release|Any CPU.Deploy.0 = Release|Any CPU
		{FEEA61ED-508C-40A4-B19C-5F2547C0888A}.Debug|Any CPU.ActiveCfg = Debug|Any CPU
		{FEEA61ED-508C-40A4-B19C-5F2547C0888A}.Debug|Any CPU.Build.0 = Debug|Any CPU
		{FEEA61ED-508C-40A4-B19C-5F2547C0888A}.Debug|Any CPU.Deploy.0 = Debug|Any CPU
		{FEEA61ED-508C-40A4-B19C-5F2547C0888A}.Release|Any CPU.ActiveCfg = Release|Any CPU
		{FEEA61ED-508C-40A4-B19C-5F2547C0888A}.Release|Any CPU.Build.0 = Release|Any CPU
		{FEEA61ED-508C-40A4-B19C-5F2547C0888A}.Release|Any CPU.Deploy.0 = Release|Any CPU
		{DA9D64D6-1F6E-4834-AE63-0660BB242FD7}.Debug|Any CPU.ActiveCfg = Debug|Any CPU
		{DA9D64D6-1F6E-4834-AE63-0660BB242FD7}.Debug|Any CPU.Build.0 = Debug|Any CPU
		{DA9D64D6-1F6E-4834-AE63-0660BB242FD7}.Debug|Any CPU.Deploy.0 = Debug|Any CPU
		{DA9D64D6-1F6E-4834-AE63-0660BB242FD7}.Release|Any CPU.ActiveCfg = Release|Any CPU
		{DA9D64D6-1F6E-4834-AE63-0660BB242FD7}.Release|Any CPU.Build.0 = Release|Any CPU
		{DA9D64D6-1F6E-4834-AE63-0660BB242FD7}.Release|Any CPU.Deploy.0 = Release|Any CPU
	EndGlobalSection
	GlobalSection(SolutionProperties) = preSolution
		HideSolutionNode = FALSE
	EndGlobalSection
EndGlobal
